
Microsoft Visual Studio Solution File, Format Version 12.00
# Visual Studio 2013
VisualStudioVersion = 12.0.21005.1
MinimumVisualStudioVersion = 10.0.40219.1
Project("{FAE04EC0-301F-11D3-BF4B-00C04F79EFBC}") = "App_pressing_Loreau", "App_pressing_Loreau\App_pressing_Loreau.csproj", "{778C72E4-C0CF-486E-8D29-22C00AD07B83}"
EndProject
Project("{F088123C-0E9E-452A-89E6-6BA2F21D5CAC}") = "ModelingProject1TestPierreProject", "ModelingProject1TestPierreProject\ModelingProject1TestPierreProject.modelproj", "{E0700B8D-659F-42E7-BCB9-1DF2997E451A}"
EndProject
Global
	GlobalSection(SolutionConfigurationPlatforms) = preSolution
		Debug|Any CPU = Debug|Any CPU
		Release|Any CPU = Release|Any CPU
	EndGlobalSection
	GlobalSection(ProjectConfigurationPlatforms) = postSolution
		{778C72E4-C0CF-486E-8D29-22C00AD07B83}.Debug|Any CPU.ActiveCfg = Debug|Any CPU
		{778C72E4-C0CF-486E-8D29-22C00AD07B83}.Debug|Any CPU.Build.0 = Debug|Any CPU
		{778C72E4-C0CF-486E-8D29-22C00AD07B83}.Release|Any CPU.ActiveCfg = Release|Any CPU
		{778C72E4-C0CF-486E-8D29-22C00AD07B83}.Release|Any CPU.Build.0 = Release|Any CPU
		{E0700B8D-659F-42E7-BCB9-1DF2997E451A}.Debug|Any CPU.ActiveCfg = Debug|Any CPU
		{E0700B8D-659F-42E7-BCB9-1DF2997E451A}.Debug|Any CPU.Build.0 = Debug|Any CPU
		{E0700B8D-659F-42E7-BCB9-1DF2997E451A}.Release|Any CPU.ActiveCfg = Release|Any CPU
		{E0700B8D-659F-42E7-BCB9-1DF2997E451A}.Release|Any CPU.Build.0 = Release|Any CPU
	EndGlobalSection
	GlobalSection(SolutionProperties) = preSolution
		HideSolutionNode = FALSE
	EndGlobalSection
	GlobalSection(ExtensibilityGlobals) = postSolution
		VisualSVNWorkingCopyRoot = .
	EndGlobalSection
EndGlobal
